
Microsoft Visual Studio Solution File, Format Version 12.00
# Visual Studio Version 17
VisualStudioVersion = 17.11.35303.130
MinimumVisualStudioVersion = 10.0.40219.1
Project("{9A19103F-16F7-4668-BE54-9A1E7A4F7556}") = "Onlycats.InteractionService", "Onlycats.InteractionService\Onlycats.InteractionService.csproj", "{C6EE5964-86E5-4620-BE91-323096FD4EFD}"
EndProject
Project("{9A19103F-16F7-4668-BE54-9A1E7A4F7556}") = "Onlycats.PostService", "Onlycats.PostService\Onlycats.PostService.csproj", "{7BA34AB3-3969-42DD-A66C-690881CF62A9}"
EndProject
Project("{9A19103F-16F7-4668-BE54-9A1E7A4F7556}") = "Onlycats.UserService", "Onlycats.UserService\Onlycats.UserService.csproj", "{E1B6D5F9-F3DB-42ED-B906-3097ACBF3D79}"
EndProject
Project("{9A19103F-16F7-4668-BE54-9A1E7A4F7556}") = "Gateway", "Gateway\Gateway.csproj", "{155B4EE6-CD57-42E4-A8EB-7D9F10E475D6}"
EndProject
Project("{2150E333-8FDC-42A3-9474-1A3956D46DE8}") = "Elementos de la solución", "Elementos de la solución", "{9D0FF353-76D2-47B2-A7FB-4A701F94A949}"
	ProjectSection(SolutionItems) = preProject
		docker-compose.yml = docker-compose.yml
		mongoinit.js = mongoinit.js
	EndProjectSection
EndProject
Project("{FAE04EC0-301F-11D3-BF4B-00C04F79EFBC}") = "Onlycats.Tests", "Onlycats.Tests\Onlycats.Tests.csproj", "{6D8C4947-E3F8-411B-AA6F-A9DBF9C17F05}"
EndProject
Global
	GlobalSection(SolutionConfigurationPlatforms) = preSolution
		Debug|Any CPU = Debug|Any CPU
		Release|Any CPU = Release|Any CPU
	EndGlobalSection
	GlobalSection(ProjectConfigurationPlatforms) = postSolution
		{C6EE5964-86E5-4620-BE91-323096FD4EFD}.Debug|Any CPU.ActiveCfg = Debug|Any CPU
		{C6EE5964-86E5-4620-BE91-323096FD4EFD}.Debug|Any CPU.Build.0 = Debug|Any CPU
		{C6EE5964-86E5-4620-BE91-323096FD4EFD}.Release|Any CPU.ActiveCfg = Release|Any CPU
		{C6EE5964-86E5-4620-BE91-323096FD4EFD}.Release|Any CPU.Build.0 = Release|Any CPU
		{7BA34AB3-3969-42DD-A66C-690881CF62A9}.Debug|Any CPU.ActiveCfg = Debug|Any CPU
		{7BA34AB3-3969-42DD-A66C-690881CF62A9}.Debug|Any CPU.Build.0 = Debug|Any CPU
		{7BA34AB3-3969-42DD-A66C-690881CF62A9}.Release|Any CPU.ActiveCfg = Release|Any CPU
		{7BA34AB3-3969-42DD-A66C-690881CF62A9}.Release|Any CPU.Build.0 = Release|Any CPU
		{E1B6D5F9-F3DB-42ED-B906-3097ACBF3D79}.Debug|Any CPU.ActiveCfg = Debug|Any CPU
		{E1B6D5F9-F3DB-42ED-B906-3097ACBF3D79}.Debug|Any CPU.Build.0 = Debug|Any CPU
		{E1B6D5F9-F3DB-42ED-B906-3097ACBF3D79}.Release|Any CPU.ActiveCfg = Release|Any CPU
		{E1B6D5F9-F3DB-42ED-B906-3097ACBF3D79}.Release|Any CPU.Build.0 = Release|Any CPU
		{155B4EE6-CD57-42E4-A8EB-7D9F10E475D6}.Debug|Any CPU.ActiveCfg = Debug|Any CPU
		{155B4EE6-CD57-42E4-A8EB-7D9F10E475D6}.Debug|Any CPU.Build.0 = Debug|Any CPU
		{155B4EE6-CD57-42E4-A8EB-7D9F10E475D6}.Release|Any CPU.ActiveCfg = Release|Any CPU
		{155B4EE6-CD57-42E4-A8EB-7D9F10E475D6}.Release|Any CPU.Build.0 = Release|Any CPU
		{6D8C4947-E3F8-411B-AA6F-A9DBF9C17F05}.Debug|Any CPU.ActiveCfg = Debug|Any CPU
		{6D8C4947-E3F8-411B-AA6F-A9DBF9C17F05}.Debug|Any CPU.Build.0 = Debug|Any CPU
		{6D8C4947-E3F8-411B-AA6F-A9DBF9C17F05}.Release|Any CPU.ActiveCfg = Release|Any CPU
		{6D8C4947-E3F8-411B-AA6F-A9DBF9C17F05}.Release|Any CPU.Build.0 = Release|Any CPU
	EndGlobalSection
	GlobalSection(SolutionProperties) = preSolution
		HideSolutionNode = FALSE
	EndGlobalSection
	GlobalSection(ExtensibilityGlobals) = postSolution
		SolutionGuid = {6CEFA658-7AE8-4E9A-9BE0-082F9840A9D8}
	EndGlobalSection
EndGlobal
